
Microsoft Visual Studio Solution File, Format Version 12.00
# Visual Studio Version 17
VisualStudioVersion = 17.1.32407.343
MinimumVisualStudioVersion = 10.0.40219.1
Project("{FAE04EC0-301F-11D3-BF4B-00C04F79EFBC}") = "CodeBuilder", "CodeBuilder\CodeBuilder.csproj", "{C92FE760-0B82-4BB6-BF10-FC045C2079AA}"
EndProject
Project("{2150E333-8FDC-42A3-9474-1A3956D46DE8}") = "lib", "lib", "{D08AEBD1-7AB6-4116-A1BC-BCBF821AABBD}"
	ProjectSection(SolutionItems) = preProject
		lib\Fireasy.Common.dll = lib\Fireasy.Common.dll
		lib\Fireasy.Common.xml = lib\Fireasy.Common.xml
		lib\Fireasy.Data.dll = lib\Fireasy.Data.dll
		lib\Fireasy.Data.Entity.dll = lib\Fireasy.Data.Entity.dll
		lib\Fireasy.Data.Entity.xml = lib\Fireasy.Data.Entity.xml
		lib\Fireasy.Data.xml = lib\Fireasy.Data.xml
		lib\Fireasy.Windows.Forms.dll = lib\Fireasy.Windows.Forms.dll
		lib\Fireasy.Windows.Forms.xml = lib\Fireasy.Windows.Forms.xml
		lib\ICSharpCode.TextEditor.dll = lib\ICSharpCode.TextEditor.dll
		lib\Microsoft.VisualStudio.TextTemplating.10.0.dll = lib\Microsoft.VisualStudio.TextTemplating.10.0.dll
		lib\Microsoft.VisualStudio.TextTemplating.Interfaces.10.0.dll = lib\Microsoft.VisualStudio.TextTemplating.Interfaces.10.0.dll
		lib\Mono.Security.dll = lib\Mono.Security.dll
		lib\Npgsql.dll = lib\Npgsql.dll
		lib\NVelocity.dll = lib\NVelocity.dll
		lib\RazorEngine.dll = lib\RazorEngine.dll
		lib\System.Web.Razor.dll = lib\System.Web.Razor.dll
		lib\WeifenLuo.WinFormsUI.Docking.dll = lib\WeifenLuo.WinFormsUI.Docking.dll
	EndProjectSection
EndProject
Project("{FAE04EC0-301F-11D3-BF4B-00C04F79EFBC}") = "CodeBuilder.Core", "CodeBuilder.Core\CodeBuilder.Core.csproj", "{26662E91-A4F1-48FD-9F58-BD229253A3F5}"
EndProject
Project("{FAE04EC0-301F-11D3-BF4B-00C04F79EFBC}") = "CodeBuilder.Database", "CodeBuilder.Database\CodeBuilder.Database.csproj", "{7C5B1075-AD6E-43A9-ABE7-7731347196BE}"
EndProject
Project("{FAE04EC0-301F-11D3-BF4B-00C04F79EFBC}") = "CodeBuilder.PowerDesigner", "CodeBuilder.PowerDesigner\CodeBuilder.PowerDesigner.csproj", "{C18F85B3-193B-49AA-839D-754C2799B5FD}"
EndProject
Project("{FAE04EC0-301F-11D3-BF4B-00C04F79EFBC}") = "CodeBuilder.T4", "CodeBuilder.T4\CodeBuilder.T4.csproj", "{9687AAD8-B2D0-4F32-81ED-EE33E14D4495}"
EndProject
Project("{2150E333-8FDC-42A3-9474-1A3956D46DE8}") = ".nuget", ".nuget", "{18BA3830-91E6-47DD-86E3-3EF1844096CD}"
	ProjectSection(SolutionItems) = preProject
		.nuget\packages.config = .nuget\packages.config
	EndProjectSection
EndProject
Project("{FAE04EC0-301F-11D3-BF4B-00C04F79EFBC}") = "CodeBuilder.NVelocity", "CodeBuilder.NVelocity\CodeBuilder.NVelocity.csproj", "{2C9E8399-D63B-4956-9E78-B946F5596993}"
EndProject
Project("{FAE04EC0-301F-11D3-BF4B-00C04F79EFBC}") = "CodeBuilder.Razor", "CodeBuilder.Razor\CodeBuilder.Razor.csproj", "{BCAF9071-3F8E-468B-9918-B770D1596681}"
EndProject
Project("{FAE04EC0-301F-11D3-BF4B-00C04F79EFBC}") = "CodeBuilder.Tools", "CodeBuilder.Tools\CodeBuilder.Tools.csproj", "{595C1180-C831-4F78-8A3A-5C975A8A46A4}"
EndProject
Project("{FAE04EC0-301F-11D3-BF4B-00C04F79EFBC}") = "CodeBuilder.JsonTool", "CodeBuilder.JsonTool\CodeBuilder.JsonTool.csproj", "{5BB6F06B-E752-426C-B1E5-5FC6F487D241}"
EndProject
Project("{FAE04EC0-301F-11D3-BF4B-00C04F79EFBC}") = "CodeBuilder.ExportTool", "CodeBuilder.ExportTool\CodeBuilder.ExportTool.csproj", "{4B80C0CB-2F9B-4EF7-AC3F-6FDDFD849580}"
EndProject
Global
	GlobalSection(SolutionConfigurationPlatforms) = preSolution
		Debug|Any CPU = Debug|Any CPU
		Debug|x64 = Debug|x64
		Debug|x86 = Debug|x86
		Release|Any CPU = Release|Any CPU
		Release|x64 = Release|x64
		Release|x86 = Release|x86
	EndGlobalSection
	GlobalSection(ProjectConfigurationPlatforms) = postSolution
		{C92FE760-0B82-4BB6-BF10-FC045C2079AA}.Debug|Any CPU.ActiveCfg = Debug|Any CPU
		{C92FE760-0B82-4BB6-BF10-FC045C2079AA}.Debug|Any CPU.Build.0 = Debug|Any CPU
		{C92FE760-0B82-4BB6-BF10-FC045C2079AA}.Debug|x64.ActiveCfg = Debug|x64
		{C92FE760-0B82-4BB6-BF10-FC045C2079AA}.Debug|x64.Build.0 = Debug|x64
		{C92FE760-0B82-4BB6-BF10-FC045C2079AA}.Debug|x86.ActiveCfg = Debug|x86
		{C92FE760-0B82-4BB6-BF10-FC045C2079AA}.Debug|x86.Build.0 = Debug|x86
		{C92FE760-0B82-4BB6-BF10-FC045C2079AA}.Release|Any CPU.ActiveCfg = Release|Any CPU
		{C92FE760-0B82-4BB6-BF10-FC045C2079AA}.Release|Any CPU.Build.0 = Release|Any CPU
		{C92FE760-0B82-4BB6-BF10-FC045C2079AA}.Release|x64.ActiveCfg = Release|x64
		{C92FE760-0B82-4BB6-BF10-FC045C2079AA}.Release|x64.Build.0 = Release|x64
		{C92FE760-0B82-4BB6-BF10-FC045C2079AA}.Release|x86.ActiveCfg = Release|x86
		{C92FE760-0B82-4BB6-BF10-FC045C2079AA}.Release|x86.Build.0 = Release|x86
		{26662E91-A4F1-48FD-9F58-BD229253A3F5}.Debug|Any CPU.ActiveCfg = Debug|Any CPU
		{26662E91-A4F1-48FD-9F58-BD229253A3F5}.Debug|Any CPU.Build.0 = Debug|Any CPU
		{26662E91-A4F1-48FD-9F58-BD229253A3F5}.Debug|x64.ActiveCfg = Debug|x64
		{26662E91-A4F1-48FD-9F58-BD229253A3F5}.Debug|x64.Build.0 = Debug|x64
		{26662E91-A4F1-48FD-9F58-BD229253A3F5}.Debug|x86.ActiveCfg = Debug|x86
		{26662E91-A4F1-48FD-9F58-BD229253A3F5}.Debug|x86.Build.0 = Debug|x86
		{26662E91-A4F1-48FD-9F58-BD229253A3F5}.Release|Any CPU.ActiveCfg = Release|Any CPU
		{26662E91-A4F1-48FD-9F58-BD229253A3F5}.Release|Any CPU.Build.0 = Release|Any CPU
		{26662E91-A4F1-48FD-9F58-BD229253A3F5}.Release|x64.ActiveCfg = Release|Any CPU
		{26662E91-A4F1-48FD-9F58-BD229253A3F5}.Release|x64.Build.0 = Release|Any CPU
		{26662E91-A4F1-48FD-9F58-BD229253A3F5}.Release|x86.ActiveCfg = Release|Any CPU
		{26662E91-A4F1-48FD-9F58-BD229253A3F5}.Release|x86.Build.0 = Release|Any CPU
		{7C5B1075-AD6E-43A9-ABE7-7731347196BE}.Debug|Any CPU.ActiveCfg = Debug|Any CPU
		{7C5B1075-AD6E-43A9-ABE7-7731347196BE}.Debug|Any CPU.Build.0 = Debug|Any CPU
		{7C5B1075-AD6E-43A9-ABE7-7731347196BE}.Debug|x64.ActiveCfg = Debug|x64
		{7C5B1075-AD6E-43A9-ABE7-7731347196BE}.Debug|x64.Build.0 = Debug|x64
		{7C5B1075-AD6E-43A9-ABE7-7731347196BE}.Debug|x86.ActiveCfg = Debug|x86
		{7C5B1075-AD6E-43A9-ABE7-7731347196BE}.Debug|x86.Build.0 = Debug|x86
		{7C5B1075-AD6E-43A9-ABE7-7731347196BE}.Release|Any CPU.ActiveCfg = Release|Any CPU
		{7C5B1075-AD6E-43A9-ABE7-7731347196BE}.Release|Any CPU.Build.0 = Release|Any CPU
		{7C5B1075-AD6E-43A9-ABE7-7731347196BE}.Release|x64.ActiveCfg = Release|Any CPU
		{7C5B1075-AD6E-43A9-ABE7-7731347196BE}.Release|x64.Build.0 = Release|Any CPU
		{7C5B1075-AD6E-43A9-ABE7-7731347196BE}.Release|x86.ActiveCfg = Release|Any CPU
		{7C5B1075-AD6E-43A9-ABE7-7731347196BE}.Release|x86.Build.0 = Release|Any CPU
		{C18F85B3-193B-49AA-839D-754C2799B5FD}.Debug|Any CPU.ActiveCfg = Debug|Any CPU
		{C18F85B3-193B-49AA-839D-754C2799B5FD}.Debug|Any CPU.Build.0 = Debug|Any CPU
		{C18F85B3-193B-49AA-839D-754C2799B5FD}.Debug|x64.ActiveCfg = Debug|x64
		{C18F85B3-193B-49AA-839D-754C2799B5FD}.Debug|x64.Build.0 = Debug|x64
		{C18F85B3-193B-49AA-839D-754C2799B5FD}.Debug|x86.ActiveCfg = Debug|x86
		{C18F85B3-193B-49AA-839D-754C2799B5FD}.Debug|x86.Build.0 = Debug|x86
		{C18F85B3-193B-49AA-839D-754C2799B5FD}.Release|Any CPU.ActiveCfg = Release|Any CPU
		{C18F85B3-193B-49AA-839D-754C2799B5FD}.Release|Any CPU.Build.0 = Release|Any CPU
		{C18F85B3-193B-49AA-839D-754C2799B5FD}.Release|x64.ActiveCfg = Release|Any CPU
		{C18F85B3-193B-49AA-839D-754C2799B5FD}.Release|x64.Build.0 = Release|Any CPU
		{C18F85B3-193B-49AA-839D-754C2799B5FD}.Release|x86.ActiveCfg = Release|Any CPU
		{C18F85B3-193B-49AA-839D-754C2799B5FD}.Release|x86.Build.0 = Release|Any CPU
		{9687AAD8-B2D0-4F32-81ED-EE33E14D4495}.Debug|Any CPU.ActiveCfg = Debug|Any CPU
		{9687AAD8-B2D0-4F32-81ED-EE33E14D4495}.Debug|Any CPU.Build.0 = Debug|Any CPU
		{9687AAD8-B2D0-4F32-81ED-EE33E14D4495}.Debug|x64.ActiveCfg = Debug|x64
		{9687AAD8-B2D0-4F32-81ED-EE33E14D4495}.Debug|x64.Build.0 = Debug|x64
		{9687AAD8-B2D0-4F32-81ED-EE33E14D4495}.Debug|x86.ActiveCfg = Debug|x86
		{9687AAD8-B2D0-4F32-81ED-EE33E14D4495}.Debug|x86.Build.0 = Debug|x86
		{9687AAD8-B2D0-4F32-81ED-EE33E14D4495}.Release|Any CPU.ActiveCfg = Release|Any CPU
		{9687AAD8-B2D0-4F32-81ED-EE33E14D4495}.Release|Any CPU.Build.0 = Release|Any CPU
		{9687AAD8-B2D0-4F32-81ED-EE33E14D4495}.Release|x64.ActiveCfg = Release|Any CPU
		{9687AAD8-B2D0-4F32-81ED-EE33E14D4495}.Release|x64.Build.0 = Release|Any CPU
		{9687AAD8-B2D0-4F32-81ED-EE33E14D4495}.Release|x86.ActiveCfg = Release|Any CPU
		{9687AAD8-B2D0-4F32-81ED-EE33E14D4495}.Release|x86.Build.0 = Release|Any CPU
		{2C9E8399-D63B-4956-9E78-B946F5596993}.Debug|Any CPU.ActiveCfg = Debug|Any CPU
		{2C9E8399-D63B-4956-9E78-B946F5596993}.Debug|Any CPU.Build.0 = Debug|Any CPU
		{2C9E8399-D63B-4956-9E78-B946F5596993}.Debug|x64.ActiveCfg = Debug|x64
		{2C9E8399-D63B-4956-9E78-B946F5596993}.Debug|x64.Build.0 = Debug|x64
		{2C9E8399-D63B-4956-9E78-B946F5596993}.Debug|x86.ActiveCfg = Debug|x86
		{2C9E8399-D63B-4956-9E78-B946F5596993}.Debug|x86.Build.0 = Debug|x86
		{2C9E8399-D63B-4956-9E78-B946F5596993}.Release|Any CPU.ActiveCfg = Release|Any CPU
		{2C9E8399-D63B-4956-9E78-B946F5596993}.Release|Any CPU.Build.0 = Release|Any CPU
		{2C9E8399-D63B-4956-9E78-B946F5596993}.Release|x64.ActiveCfg = Release|Any CPU
		{2C9E8399-D63B-4956-9E78-B946F5596993}.Release|x64.Build.0 = Release|Any CPU
		{2C9E8399-D63B-4956-9E78-B946F5596993}.Release|x86.ActiveCfg = Release|Any CPU
		{2C9E8399-D63B-4956-9E78-B946F5596993}.Release|x86.Build.0 = Release|Any CPU
		{BCAF9071-3F8E-468B-9918-B770D1596681}.Debug|Any CPU.ActiveCfg = Debug|Any CPU
		{BCAF9071-3F8E-468B-9918-B770D1596681}.Debug|Any CPU.Build.0 = Debug|Any CPU
		{BCAF9071-3F8E-468B-9918-B770D1596681}.Debug|x64.ActiveCfg = Debug|x64
		{BCAF9071-3F8E-468B-9918-B770D1596681}.Debug|x64.Build.0 = Debug|x64
		{BCAF9071-3F8E-468B-9918-B770D1596681}.Debug|x86.ActiveCfg = Debug|x86
		{BCAF9071-3F8E-468B-9918-B770D1596681}.Debug|x86.Build.0 = Debug|x86
		{BCAF9071-3F8E-468B-9918-B770D1596681}.Release|Any CPU.ActiveCfg = Release|Any CPU
		{BCAF9071-3F8E-468B-9918-B770D1596681}.Release|Any CPU.Build.0 = Release|Any CPU
		{BCAF9071-3F8E-468B-9918-B770D1596681}.Release|x64.ActiveCfg = Release|Any CPU
		{BCAF9071-3F8E-468B-9918-B770D1596681}.Release|x64.Build.0 = Release|Any CPU
		{BCAF9071-3F8E-468B-9918-B770D1596681}.Release|x86.ActiveCfg = Release|Any CPU
		{BCAF9071-3F8E-468B-9918-B770D1596681}.Release|x86.Build.0 = Release|Any CPU
		{595C1180-C831-4F78-8A3A-5C975A8A46A4}.Debug|Any CPU.ActiveCfg = Debug|Any CPU
		{595C1180-C831-4F78-8A3A-5C975A8A46A4}.Debug|Any CPU.Build.0 = Debug|Any CPU
		{595C1180-C831-4F78-8A3A-5C975A8A46A4}.Debug|x64.ActiveCfg = Debug|Any CPU
		{595C1180-C831-4F78-8A3A-5C975A8A46A4}.Debug|x64.Build.0 = Debug|Any CPU
		{595C1180-C831-4F78-8A3A-5C975A8A46A4}.Debug|x86.ActiveCfg = Debug|Any CPU
		{595C1180-C831-4F78-8A3A-5C975A8A46A4}.Debug|x86.Build.0 = Debug|Any CPU
		{595C1180-C831-4F78-8A3A-5C975A8A46A4}.Release|Any CPU.ActiveCfg = Release|Any CPU
		{595C1180-C831-4F78-8A3A-5C975A8A46A4}.Release|Any CPU.Build.0 = Release|Any CPU
		{595C1180-C831-4F78-8A3A-5C975A8A46A4}.Release|x64.ActiveCfg = Release|Any CPU
		{595C1180-C831-4F78-8A3A-5C975A8A46A4}.Release|x64.Build.0 = Release|Any CPU
		{595C1180-C831-4F78-8A3A-5C975A8A46A4}.Release|x86.ActiveCfg = Release|Any CPU
		{595C1180-C831-4F78-8A3A-5C975A8A46A4}.Release|x86.Build.0 = Release|Any CPU
		{5BB6F06B-E752-426C-B1E5-5FC6F487D241}.Debug|Any CPU.ActiveCfg = Debug|Any CPU
		{5BB6F06B-E752-426C-B1E5-5FC6F487D241}.Debug|Any CPU.Build.0 = Debug|Any CPU
		{5BB6F06B-E752-426C-B1E5-5FC6F487D241}.Debug|x64.ActiveCfg = Debug|Any CPU
		{5BB6F06B-E752-426C-B1E5-5FC6F487D241}.Debug|x64.Build.0 = Debug|Any CPU
		{5BB6F06B-E752-426C-B1E5-5FC6F487D241}.Debug|x86.ActiveCfg = Debug|Any CPU
		{5BB6F06B-E752-426C-B1E5-5FC6F487D241}.Debug|x86.Build.0 = Debug|Any CPU
		{5BB6F06B-E752-426C-B1E5-5FC6F487D241}.Release|Any CPU.ActiveCfg = Release|Any CPU
		{5BB6F06B-E752-426C-B1E5-5FC6F487D241}.Release|Any CPU.Build.0 = Release|Any CPU
		{5BB6F06B-E752-426C-B1E5-5FC6F487D241}.Release|x64.ActiveCfg = Release|Any CPU
		{5BB6F06B-E752-426C-B1E5-5FC6F487D241}.Release|x64.Build.0 = Release|Any CPU
		{5BB6F06B-E752-426C-B1E5-5FC6F487D241}.Release|x86.ActiveCfg = Release|Any CPU
		{5BB6F06B-E752-426C-B1E5-5FC6F487D241}.Release|x86.Build.0 = Release|Any CPU
		{4B80C0CB-2F9B-4EF7-AC3F-6FDDFD849580}.Debug|Any CPU.ActiveCfg = Debug|Any CPU
		{4B80C0CB-2F9B-4EF7-AC3F-6FDDFD849580}.Debug|Any CPU.Build.0 = Debug|Any CPU
		{4B80C0CB-2F9B-4EF7-AC3F-6FDDFD849580}.Debug|x64.ActiveCfg = Debug|Any CPU
		{4B80C0CB-2F9B-4EF7-AC3F-6FDDFD849580}.Debug|x64.Build.0 = Debug|Any CPU
		{4B80C0CB-2F9B-4EF7-AC3F-6FDDFD849580}.Debug|x86.ActiveCfg = Debug|Any CPU
		{4B80C0CB-2F9B-4EF7-AC3F-6FDDFD849580}.Debug|x86.Build.0 = Debug|Any CPU
		{4B80C0CB-2F9B-4EF7-AC3F-6FDDFD849580}.Release|Any CPU.ActiveCfg = Release|Any CPU
		{4B80C0CB-2F9B-4EF7-AC3F-6FDDFD849580}.Release|Any CPU.Build.0 = Release|Any CPU
		{4B80C0CB-2F9B-4EF7-AC3F-6FDDFD849580}.Release|x64.ActiveCfg = Release|Any CPU
		{4B80C0CB-2F9B-4EF7-AC3F-6FDDFD849580}.Release|x64.Build.0 = Release|Any CPU
		{4B80C0CB-2F9B-4EF7-AC3F-6FDDFD849580}.Release|x86.ActiveCfg = Release|Any CPU
		{4B80C0CB-2F9B-4EF7-AC3F-6FDDFD849580}.Release|x86.Build.0 = Release|Any CPU
	EndGlobalSection
	GlobalSection(SolutionProperties) = preSolution
		HideSolutionNode = FALSE
	EndGlobalSection
	GlobalSection(ExtensibilityGlobals) = postSolution
		SolutionGuid = {D318E0A6-1B2B-4D52-B383-52F96852F75C}
	EndGlobalSection
EndGlobal
