
Microsoft Visual Studio Solution File, Format Version 12.00
# Visual Studio Version 17
VisualStudioVersion = 17.1.32407.343
MinimumVisualStudioVersion = 10.0.40219.1
Project("{FAE04EC0-301F-11D3-BF4B-00C04F79EFBC}") = "CodeBuilder", "CodeBuilder\CodeBuilder.csproj", "{C92FE760-0B82-4BB6-BF10-FC045C2079AA}"
EndProject
Project("{FAE04EC0-301F-11D3-BF4B-00C04F79EFBC}") = "CodeBuilder.Core", "CodeBuilder.Core\CodeBuilder.Core.csproj", "{26662E91-A4F1-48FD-9F58-BD229253A3F5}"
EndProject
Project("{FAE04EC0-301F-11D3-BF4B-00C04F79EFBC}") = "CodeBuilder.Database", "CodeBuilder.Database\CodeBuilder.Database.csproj", "{7C5B1075-AD6E-43A9-ABE7-7731347196BE}"
EndProject
Project("{FAE04EC0-301F-11D3-BF4B-00C04F79EFBC}") = "CodeBuilder.PowerDesigner", "CodeBuilder.PowerDesigner\CodeBuilder.PowerDesigner.csproj", "{C18F85B3-193B-49AA-839D-754C2799B5FD}"
EndProject
Project("{FAE04EC0-301F-11D3-BF4B-00C04F79EFBC}") = "CodeBuilder.T4", "CodeBuilder.T4\CodeBuilder.T4.csproj", "{9687AAD8-B2D0-4F32-81ED-EE33E14D4495}"
EndProject
Project("{FAE04EC0-301F-11D3-BF4B-00C04F79EFBC}") = "CodeBuilder.NVelocity", "CodeBuilder.NVelocity\CodeBuilder.NVelocity.csproj", "{2C9E8399-D63B-4956-9E78-B946F5596993}"
EndProject
Project("{FAE04EC0-301F-11D3-BF4B-00C04F79EFBC}") = "CodeBuilder.Razor", "CodeBuilder.Razor\CodeBuilder.Razor.csproj", "{BCAF9071-3F8E-468B-9918-B770D1596681}"
EndProject
Project("{FAE04EC0-301F-11D3-BF4B-00C04F79EFBC}") = "CodeBuilder.Tools", "CodeBuilder.Tools\CodeBuilder.Tools.csproj", "{595C1180-C831-4F78-8A3A-5C975A8A46A4}"
EndProject
Project("{FAE04EC0-301F-11D3-BF4B-00C04F79EFBC}") = "CodeBuilder.JsonTool", "CodeBuilder.JsonTool\CodeBuilder.JsonTool.csproj", "{5BB6F06B-E752-426C-B1E5-5FC6F487D241}"
EndProject
Project("{FAE04EC0-301F-11D3-BF4B-00C04F79EFBC}") = "CodeBuilder.ExportTool", "CodeBuilder.ExportTool\CodeBuilder.ExportTool.csproj", "{4B80C0CB-2F9B-4EF7-AC3F-6FDDFD849580}"
EndProject
Project("{FAE04EC0-301F-11D3-BF4B-00C04F79EFBC}") = "CodeBuilder.PDManer", "CodeBuilder.PDManer\CodeBuilder.PDManer.csproj", "{47D3A0E7-E738-458C-8B32-EC2284689D87}"
EndProject
Project("{FAE04EC0-301F-11D3-BF4B-00C04F79EFBC}") = "CodeBuilder.DbSchema", "CodeBuilder.DbSchema\CodeBuilder.DbSchema.csproj", "{E108A1EB-6836-4E6D-B493-B2CE196231F1}"
EndProject
Project("{FAE04EC0-301F-11D3-BF4B-00C04F79EFBC}") = "CodeBuilder.Swagger", "CodeBuilder.Swagger\CodeBuilder.Swagger.csproj", "{7E357171-0544-469C-9BB6-ECA2DAB6FABA}"
EndProject
Project("{FAE04EC0-301F-11D3-BF4B-00C04F79EFBC}") = "CodeBuilder.PdfTool", "CodeBuilder.PdfTool\CodeBuilder.PdfTool.csproj", "{6BB4BF3B-17C6-415D-A36F-F91158790F3F}"
EndProject
Project("{FAE04EC0-301F-11D3-BF4B-00C04F79EFBC}") = "CodeBuilder.RssReader", "CodeBuilder.RssReader\CodeBuilder.RssReader.csproj", "{733BAF59-43A4-4623-ABFC-E0AD722A8EC0}"
EndProject
Global
	GlobalSection(SolutionConfigurationPlatforms) = preSolution
		Debug|Any CPU = Debug|Any CPU
		Debug|x64 = Debug|x64
		Debug|x86 = Debug|x86
		Release|Any CPU = Release|Any CPU
		Release|x64 = Release|x64
		Release|x86 = Release|x86
	EndGlobalSection
	GlobalSection(ProjectConfigurationPlatforms) = postSolution
		{C92FE760-0B82-4BB6-BF10-FC045C2079AA}.Debug|Any CPU.ActiveCfg = Debug|Any CPU
		{C92FE760-0B82-4BB6-BF10-FC045C2079AA}.Debug|Any CPU.Build.0 = Debug|Any CPU
		{C92FE760-0B82-4BB6-BF10-FC045C2079AA}.Debug|x64.ActiveCfg = Debug|x64
		{C92FE760-0B82-4BB6-BF10-FC045C2079AA}.Debug|x64.Build.0 = Debug|x64
		{C92FE760-0B82-4BB6-BF10-FC045C2079AA}.Debug|x86.ActiveCfg = Debug|x86
		{C92FE760-0B82-4BB6-BF10-FC045C2079AA}.Debug|x86.Build.0 = Debug|x86
		{C92FE760-0B82-4BB6-BF10-FC045C2079AA}.Release|Any CPU.ActiveCfg = Release|Any CPU
		{C92FE760-0B82-4BB6-BF10-FC045C2079AA}.Release|Any CPU.Build.0 = Release|Any CPU
		{C92FE760-0B82-4BB6-BF10-FC045C2079AA}.Release|x64.ActiveCfg = Release|x64
		{C92FE760-0B82-4BB6-BF10-FC045C2079AA}.Release|x64.Build.0 = Release|x64
		{C92FE760-0B82-4BB6-BF10-FC045C2079AA}.Release|x86.ActiveCfg = Release|x86
		{C92FE760-0B82-4BB6-BF10-FC045C2079AA}.Release|x86.Build.0 = Release|x86
		{26662E91-A4F1-48FD-9F58-BD229253A3F5}.Debug|Any CPU.ActiveCfg = Debug|Any CPU
		{26662E91-A4F1-48FD-9F58-BD229253A3F5}.Debug|Any CPU.Build.0 = Debug|Any CPU
		{26662E91-A4F1-48FD-9F58-BD229253A3F5}.Debug|x64.ActiveCfg = Debug|x64
		{26662E91-A4F1-48FD-9F58-BD229253A3F5}.Debug|x64.Build.0 = Debug|x64
		{26662E91-A4F1-48FD-9F58-BD229253A3F5}.Debug|x86.ActiveCfg = Debug|x86
		{26662E91-A4F1-48FD-9F58-BD229253A3F5}.Debug|x86.Build.0 = Debug|x86
		{26662E91-A4F1-48FD-9F58-BD229253A3F5}.Release|Any CPU.ActiveCfg = Release|Any CPU
		{26662E91-A4F1-48FD-9F58-BD229253A3F5}.Release|Any CPU.Build.0 = Release|Any CPU
		{26662E91-A4F1-48FD-9F58-BD229253A3F5}.Release|x64.ActiveCfg = Release|Any CPU
		{26662E91-A4F1-48FD-9F58-BD229253A3F5}.Release|x64.Build.0 = Release|Any CPU
		{26662E91-A4F1-48FD-9F58-BD229253A3F5}.Release|x86.ActiveCfg = Release|Any CPU
		{26662E91-A4F1-48FD-9F58-BD229253A3F5}.Release|x86.Build.0 = Release|Any CPU
		{7C5B1075-AD6E-43A9-ABE7-7731347196BE}.Debug|Any CPU.ActiveCfg = Debug|Any CPU
		{7C5B1075-AD6E-43A9-ABE7-7731347196BE}.Debug|Any CPU.Build.0 = Debug|Any CPU
		{7C5B1075-AD6E-43A9-ABE7-7731347196BE}.Debug|x64.ActiveCfg = Debug|x64
		{7C5B1075-AD6E-43A9-ABE7-7731347196BE}.Debug|x64.Build.0 = Debug|x64
		{7C5B1075-AD6E-43A9-ABE7-7731347196BE}.Debug|x86.ActiveCfg = Debug|x86
		{7C5B1075-AD6E-43A9-ABE7-7731347196BE}.Debug|x86.Build.0 = Debug|x86
		{7C5B1075-AD6E-43A9-ABE7-7731347196BE}.Release|Any CPU.ActiveCfg = Release|Any CPU
		{7C5B1075-AD6E-43A9-ABE7-7731347196BE}.Release|Any CPU.Build.0 = Release|Any CPU
		{7C5B1075-AD6E-43A9-ABE7-7731347196BE}.Release|x64.ActiveCfg = Release|Any CPU
		{7C5B1075-AD6E-43A9-ABE7-7731347196BE}.Release|x64.Build.0 = Release|Any CPU
		{7C5B1075-AD6E-43A9-ABE7-7731347196BE}.Release|x86.ActiveCfg = Release|Any CPU
		{7C5B1075-AD6E-43A9-ABE7-7731347196BE}.Release|x86.Build.0 = Release|Any CPU
		{C18F85B3-193B-49AA-839D-754C2799B5FD}.Debug|Any CPU.ActiveCfg = Debug|Any CPU
		{C18F85B3-193B-49AA-839D-754C2799B5FD}.Debug|Any CPU.Build.0 = Debug|Any CPU
		{C18F85B3-193B-49AA-839D-754C2799B5FD}.Debug|x64.ActiveCfg = Debug|x64
		{C18F85B3-193B-49AA-839D-754C2799B5FD}.Debug|x64.Build.0 = Debug|x64
		{C18F85B3-193B-49AA-839D-754C2799B5FD}.Debug|x86.ActiveCfg = Debug|x86
		{C18F85B3-193B-49AA-839D-754C2799B5FD}.Debug|x86.Build.0 = Debug|x86
		{C18F85B3-193B-49AA-839D-754C2799B5FD}.Release|Any CPU.ActiveCfg = Release|Any CPU
		{C18F85B3-193B-49AA-839D-754C2799B5FD}.Release|Any CPU.Build.0 = Release|Any CPU
		{C18F85B3-193B-49AA-839D-754C2799B5FD}.Release|x64.ActiveCfg = Release|Any CPU
		{C18F85B3-193B-49AA-839D-754C2799B5FD}.Release|x64.Build.0 = Release|Any CPU
		{C18F85B3-193B-49AA-839D-754C2799B5FD}.Release|x86.ActiveCfg = Release|Any CPU
		{C18F85B3-193B-49AA-839D-754C2799B5FD}.Release|x86.Build.0 = Release|Any CPU
		{9687AAD8-B2D0-4F32-81ED-EE33E14D4495}.Debug|Any CPU.ActiveCfg = Debug|Any CPU
		{9687AAD8-B2D0-4F32-81ED-EE33E14D4495}.Debug|Any CPU.Build.0 = Debug|Any CPU
		{9687AAD8-B2D0-4F32-81ED-EE33E14D4495}.Debug|x64.ActiveCfg = Debug|x64
		{9687AAD8-B2D0-4F32-81ED-EE33E14D4495}.Debug|x64.Build.0 = Debug|x64
		{9687AAD8-B2D0-4F32-81ED-EE33E14D4495}.Debug|x86.ActiveCfg = Debug|x86
		{9687AAD8-B2D0-4F32-81ED-EE33E14D4495}.Debug|x86.Build.0 = Debug|x86
		{9687AAD8-B2D0-4F32-81ED-EE33E14D4495}.Release|Any CPU.ActiveCfg = Release|Any CPU
		{9687AAD8-B2D0-4F32-81ED-EE33E14D4495}.Release|Any CPU.Build.0 = Release|Any CPU
		{9687AAD8-B2D0-4F32-81ED-EE33E14D4495}.Release|x64.ActiveCfg = Release|Any CPU
		{9687AAD8-B2D0-4F32-81ED-EE33E14D4495}.Release|x64.Build.0 = Release|Any CPU
		{9687AAD8-B2D0-4F32-81ED-EE33E14D4495}.Release|x86.ActiveCfg = Release|Any CPU
		{9687AAD8-B2D0-4F32-81ED-EE33E14D4495}.Release|x86.Build.0 = Release|Any CPU
		{2C9E8399-D63B-4956-9E78-B946F5596993}.Debug|Any CPU.ActiveCfg = Debug|Any CPU
		{2C9E8399-D63B-4956-9E78-B946F5596993}.Debug|Any CPU.Build.0 = Debug|Any CPU
		{2C9E8399-D63B-4956-9E78-B946F5596993}.Debug|x64.ActiveCfg = Debug|x64
		{2C9E8399-D63B-4956-9E78-B946F5596993}.Debug|x64.Build.0 = Debug|x64
		{2C9E8399-D63B-4956-9E78-B946F5596993}.Debug|x86.ActiveCfg = Debug|x86
		{2C9E8399-D63B-4956-9E78-B946F5596993}.Debug|x86.Build.0 = Debug|x86
		{2C9E8399-D63B-4956-9E78-B946F5596993}.Release|Any CPU.ActiveCfg = Release|Any CPU
		{2C9E8399-D63B-4956-9E78-B946F5596993}.Release|Any CPU.Build.0 = Release|Any CPU
		{2C9E8399-D63B-4956-9E78-B946F5596993}.Release|x64.ActiveCfg = Release|Any CPU
		{2C9E8399-D63B-4956-9E78-B946F5596993}.Release|x64.Build.0 = Release|Any CPU
		{2C9E8399-D63B-4956-9E78-B946F5596993}.Release|x86.ActiveCfg = Release|Any CPU
		{2C9E8399-D63B-4956-9E78-B946F5596993}.Release|x86.Build.0 = Release|Any CPU
		{BCAF9071-3F8E-468B-9918-B770D1596681}.Debug|Any CPU.ActiveCfg = Debug|Any CPU
		{BCAF9071-3F8E-468B-9918-B770D1596681}.Debug|Any CPU.Build.0 = Debug|Any CPU
		{BCAF9071-3F8E-468B-9918-B770D1596681}.Debug|x64.ActiveCfg = Debug|x64
		{BCAF9071-3F8E-468B-9918-B770D1596681}.Debug|x64.Build.0 = Debug|x64
		{BCAF9071-3F8E-468B-9918-B770D1596681}.Debug|x86.ActiveCfg = Debug|x86
		{BCAF9071-3F8E-468B-9918-B770D1596681}.Debug|x86.Build.0 = Debug|x86
		{BCAF9071-3F8E-468B-9918-B770D1596681}.Release|Any CPU.ActiveCfg = Release|Any CPU
		{BCAF9071-3F8E-468B-9918-B770D1596681}.Release|Any CPU.Build.0 = Release|Any CPU
		{BCAF9071-3F8E-468B-9918-B770D1596681}.Release|x64.ActiveCfg = Release|Any CPU
		{BCAF9071-3F8E-468B-9918-B770D1596681}.Release|x64.Build.0 = Release|Any CPU
		{BCAF9071-3F8E-468B-9918-B770D1596681}.Release|x86.ActiveCfg = Release|Any CPU
		{BCAF9071-3F8E-468B-9918-B770D1596681}.Release|x86.Build.0 = Release|Any CPU
		{595C1180-C831-4F78-8A3A-5C975A8A46A4}.Debug|Any CPU.ActiveCfg = Debug|Any CPU
		{595C1180-C831-4F78-8A3A-5C975A8A46A4}.Debug|Any CPU.Build.0 = Debug|Any CPU
		{595C1180-C831-4F78-8A3A-5C975A8A46A4}.Debug|x64.ActiveCfg = Debug|Any CPU
		{595C1180-C831-4F78-8A3A-5C975A8A46A4}.Debug|x64.Build.0 = Debug|Any CPU
		{595C1180-C831-4F78-8A3A-5C975A8A46A4}.Debug|x86.ActiveCfg = Debug|Any CPU
		{595C1180-C831-4F78-8A3A-5C975A8A46A4}.Debug|x86.Build.0 = Debug|Any CPU
		{595C1180-C831-4F78-8A3A-5C975A8A46A4}.Release|Any CPU.ActiveCfg = Release|Any CPU
		{595C1180-C831-4F78-8A3A-5C975A8A46A4}.Release|Any CPU.Build.0 = Release|Any CPU
		{595C1180-C831-4F78-8A3A-5C975A8A46A4}.Release|x64.ActiveCfg = Release|Any CPU
		{595C1180-C831-4F78-8A3A-5C975A8A46A4}.Release|x64.Build.0 = Release|Any CPU
		{595C1180-C831-4F78-8A3A-5C975A8A46A4}.Release|x86.ActiveCfg = Release|Any CPU
		{595C1180-C831-4F78-8A3A-5C975A8A46A4}.Release|x86.Build.0 = Release|Any CPU
		{5BB6F06B-E752-426C-B1E5-5FC6F487D241}.Debug|Any CPU.ActiveCfg = Debug|Any CPU
		{5BB6F06B-E752-426C-B1E5-5FC6F487D241}.Debug|Any CPU.Build.0 = Debug|Any CPU
		{5BB6F06B-E752-426C-B1E5-5FC6F487D241}.Debug|x64.ActiveCfg = Debug|Any CPU
		{5BB6F06B-E752-426C-B1E5-5FC6F487D241}.Debug|x64.Build.0 = Debug|Any CPU
		{5BB6F06B-E752-426C-B1E5-5FC6F487D241}.Debug|x86.ActiveCfg = Debug|Any CPU
		{5BB6F06B-E752-426C-B1E5-5FC6F487D241}.Debug|x86.Build.0 = Debug|Any CPU
		{5BB6F06B-E752-426C-B1E5-5FC6F487D241}.Release|Any CPU.ActiveCfg = Release|Any CPU
		{5BB6F06B-E752-426C-B1E5-5FC6F487D241}.Release|Any CPU.Build.0 = Release|Any CPU
		{5BB6F06B-E752-426C-B1E5-5FC6F487D241}.Release|x64.ActiveCfg = Release|Any CPU
		{5BB6F06B-E752-426C-B1E5-5FC6F487D241}.Release|x64.Build.0 = Release|Any CPU
		{5BB6F06B-E752-426C-B1E5-5FC6F487D241}.Release|x86.ActiveCfg = Release|Any CPU
		{5BB6F06B-E752-426C-B1E5-5FC6F487D241}.Release|x86.Build.0 = Release|Any CPU
		{4B80C0CB-2F9B-4EF7-AC3F-6FDDFD849580}.Debug|Any CPU.ActiveCfg = Debug|Any CPU
		{4B80C0CB-2F9B-4EF7-AC3F-6FDDFD849580}.Debug|Any CPU.Build.0 = Debug|Any CPU
		{4B80C0CB-2F9B-4EF7-AC3F-6FDDFD849580}.Debug|x64.ActiveCfg = Debug|Any CPU
		{4B80C0CB-2F9B-4EF7-AC3F-6FDDFD849580}.Debug|x64.Build.0 = Debug|Any CPU
		{4B80C0CB-2F9B-4EF7-AC3F-6FDDFD849580}.Debug|x86.ActiveCfg = Debug|Any CPU
		{4B80C0CB-2F9B-4EF7-AC3F-6FDDFD849580}.Debug|x86.Build.0 = Debug|Any CPU
		{4B80C0CB-2F9B-4EF7-AC3F-6FDDFD849580}.Release|Any CPU.ActiveCfg = Release|Any CPU
		{4B80C0CB-2F9B-4EF7-AC3F-6FDDFD849580}.Release|Any CPU.Build.0 = Release|Any CPU
		{4B80C0CB-2F9B-4EF7-AC3F-6FDDFD849580}.Release|x64.ActiveCfg = Release|Any CPU
		{4B80C0CB-2F9B-4EF7-AC3F-6FDDFD849580}.Release|x64.Build.0 = Release|Any CPU
		{4B80C0CB-2F9B-4EF7-AC3F-6FDDFD849580}.Release|x86.ActiveCfg = Release|Any CPU
		{4B80C0CB-2F9B-4EF7-AC3F-6FDDFD849580}.Release|x86.Build.0 = Release|Any CPU
		{47D3A0E7-E738-458C-8B32-EC2284689D87}.Debug|Any CPU.ActiveCfg = Debug|Any CPU
		{47D3A0E7-E738-458C-8B32-EC2284689D87}.Debug|Any CPU.Build.0 = Debug|Any CPU
		{47D3A0E7-E738-458C-8B32-EC2284689D87}.Debug|x64.ActiveCfg = Debug|Any CPU
		{47D3A0E7-E738-458C-8B32-EC2284689D87}.Debug|x64.Build.0 = Debug|Any CPU
		{47D3A0E7-E738-458C-8B32-EC2284689D87}.Debug|x86.ActiveCfg = Debug|Any CPU
		{47D3A0E7-E738-458C-8B32-EC2284689D87}.Debug|x86.Build.0 = Debug|Any CPU
		{47D3A0E7-E738-458C-8B32-EC2284689D87}.Release|Any CPU.ActiveCfg = Release|Any CPU
		{47D3A0E7-E738-458C-8B32-EC2284689D87}.Release|Any CPU.Build.0 = Release|Any CPU
		{47D3A0E7-E738-458C-8B32-EC2284689D87}.Release|x64.ActiveCfg = Release|Any CPU
		{47D3A0E7-E738-458C-8B32-EC2284689D87}.Release|x64.Build.0 = Release|Any CPU
		{47D3A0E7-E738-458C-8B32-EC2284689D87}.Release|x86.ActiveCfg = Release|Any CPU
		{47D3A0E7-E738-458C-8B32-EC2284689D87}.Release|x86.Build.0 = Release|Any CPU
		{E108A1EB-6836-4E6D-B493-B2CE196231F1}.Debug|Any CPU.ActiveCfg = Debug|Any CPU
		{E108A1EB-6836-4E6D-B493-B2CE196231F1}.Debug|Any CPU.Build.0 = Debug|Any CPU
		{E108A1EB-6836-4E6D-B493-B2CE196231F1}.Debug|x64.ActiveCfg = Debug|Any CPU
		{E108A1EB-6836-4E6D-B493-B2CE196231F1}.Debug|x64.Build.0 = Debug|Any CPU
		{E108A1EB-6836-4E6D-B493-B2CE196231F1}.Debug|x86.ActiveCfg = Debug|Any CPU
		{E108A1EB-6836-4E6D-B493-B2CE196231F1}.Debug|x86.Build.0 = Debug|Any CPU
		{E108A1EB-6836-4E6D-B493-B2CE196231F1}.Release|Any CPU.ActiveCfg = Release|Any CPU
		{E108A1EB-6836-4E6D-B493-B2CE196231F1}.Release|Any CPU.Build.0 = Release|Any CPU
		{E108A1EB-6836-4E6D-B493-B2CE196231F1}.Release|x64.ActiveCfg = Release|Any CPU
		{E108A1EB-6836-4E6D-B493-B2CE196231F1}.Release|x64.Build.0 = Release|Any CPU
		{E108A1EB-6836-4E6D-B493-B2CE196231F1}.Release|x86.ActiveCfg = Release|Any CPU
		{E108A1EB-6836-4E6D-B493-B2CE196231F1}.Release|x86.Build.0 = Release|Any CPU
		{7E357171-0544-469C-9BB6-ECA2DAB6FABA}.Debug|Any CPU.ActiveCfg = Debug|Any CPU
		{7E357171-0544-469C-9BB6-ECA2DAB6FABA}.Debug|Any CPU.Build.0 = Debug|Any CPU
		{7E357171-0544-469C-9BB6-ECA2DAB6FABA}.Debug|x64.ActiveCfg = Debug|Any CPU
		{7E357171-0544-469C-9BB6-ECA2DAB6FABA}.Debug|x64.Build.0 = Debug|Any CPU
		{7E357171-0544-469C-9BB6-ECA2DAB6FABA}.Debug|x86.ActiveCfg = Debug|Any CPU
		{7E357171-0544-469C-9BB6-ECA2DAB6FABA}.Debug|x86.Build.0 = Debug|Any CPU
		{7E357171-0544-469C-9BB6-ECA2DAB6FABA}.Release|Any CPU.ActiveCfg = Release|Any CPU
		{7E357171-0544-469C-9BB6-ECA2DAB6FABA}.Release|Any CPU.Build.0 = Release|Any CPU
		{7E357171-0544-469C-9BB6-ECA2DAB6FABA}.Release|x64.ActiveCfg = Release|Any CPU
		{7E357171-0544-469C-9BB6-ECA2DAB6FABA}.Release|x64.Build.0 = Release|Any CPU
		{7E357171-0544-469C-9BB6-ECA2DAB6FABA}.Release|x86.ActiveCfg = Release|Any CPU
		{7E357171-0544-469C-9BB6-ECA2DAB6FABA}.Release|x86.Build.0 = Release|Any CPU
		{6BB4BF3B-17C6-415D-A36F-F91158790F3F}.Debug|Any CPU.ActiveCfg = Debug|Any CPU
		{6BB4BF3B-17C6-415D-A36F-F91158790F3F}.Debug|Any CPU.Build.0 = Debug|Any CPU
		{6BB4BF3B-17C6-415D-A36F-F91158790F3F}.Debug|x64.ActiveCfg = Debug|Any CPU
		{6BB4BF3B-17C6-415D-A36F-F91158790F3F}.Debug|x64.Build.0 = Debug|Any CPU
		{6BB4BF3B-17C6-415D-A36F-F91158790F3F}.Debug|x86.ActiveCfg = Debug|Any CPU
		{6BB4BF3B-17C6-415D-A36F-F91158790F3F}.Debug|x86.Build.0 = Debug|Any CPU
		{6BB4BF3B-17C6-415D-A36F-F91158790F3F}.Release|Any CPU.ActiveCfg = Release|Any CPU
		{6BB4BF3B-17C6-415D-A36F-F91158790F3F}.Release|Any CPU.Build.0 = Release|Any CPU
		{6BB4BF3B-17C6-415D-A36F-F91158790F3F}.Release|x64.ActiveCfg = Release|Any CPU
		{6BB4BF3B-17C6-415D-A36F-F91158790F3F}.Release|x64.Build.0 = Release|Any CPU
		{6BB4BF3B-17C6-415D-A36F-F91158790F3F}.Release|x86.ActiveCfg = Release|Any CPU
		{6BB4BF3B-17C6-415D-A36F-F91158790F3F}.Release|x86.Build.0 = Release|Any CPU
		{733BAF59-43A4-4623-ABFC-E0AD722A8EC0}.Debug|Any CPU.ActiveCfg = Debug|Any CPU
		{733BAF59-43A4-4623-ABFC-E0AD722A8EC0}.Debug|Any CPU.Build.0 = Debug|Any CPU
		{733BAF59-43A4-4623-ABFC-E0AD722A8EC0}.Debug|x64.ActiveCfg = Debug|Any CPU
		{733BAF59-43A4-4623-ABFC-E0AD722A8EC0}.Debug|x64.Build.0 = Debug|Any CPU
		{733BAF59-43A4-4623-ABFC-E0AD722A8EC0}.Debug|x86.ActiveCfg = Debug|Any CPU
		{733BAF59-43A4-4623-ABFC-E0AD722A8EC0}.Debug|x86.Build.0 = Debug|Any CPU
		{733BAF59-43A4-4623-ABFC-E0AD722A8EC0}.Release|Any CPU.ActiveCfg = Release|Any CPU
		{733BAF59-43A4-4623-ABFC-E0AD722A8EC0}.Release|Any CPU.Build.0 = Release|Any CPU
		{733BAF59-43A4-4623-ABFC-E0AD722A8EC0}.Release|x64.ActiveCfg = Release|Any CPU
		{733BAF59-43A4-4623-ABFC-E0AD722A8EC0}.Release|x64.Build.0 = Release|Any CPU
		{733BAF59-43A4-4623-ABFC-E0AD722A8EC0}.Release|x86.ActiveCfg = Release|Any CPU
		{733BAF59-43A4-4623-ABFC-E0AD722A8EC0}.Release|x86.Build.0 = Release|Any CPU
	EndGlobalSection
	GlobalSection(SolutionProperties) = preSolution
		HideSolutionNode = FALSE
	EndGlobalSection
	GlobalSection(ExtensibilityGlobals) = postSolution
		SolutionGuid = {D318E0A6-1B2B-4D52-B383-52F96852F75C}
	EndGlobalSection
EndGlobal
